// !$*UTF8*$!
{
	archiveVersion = 1;
	classes = {
	};
	objectVersion = 46;
	objects = {

/* Begin PBXBuildFile section */
		FA253A0A1C14FEEC0041FDBD /* AppDelegate.swift in Sources */ = {isa = PBXBuildFile; fileRef = FA253A091C14FEEC0041FDBD /* AppDelegate.swift */; };
		FA253A0C1C14FEEC0041FDBD /* ViewController.swift in Sources */ = {isa = PBXBuildFile; fileRef = FA253A0B1C14FEEC0041FDBD /* ViewController.swift */; };
		FA253A0F1C14FEEC0041FDBD /* Main.storyboard in Resources */ = {isa = PBXBuildFile; fileRef = FA253A0D1C14FEEC0041FDBD /* Main.storyboard */; };
		FA253A111C14FEEC0041FDBD /* Assets.xcassets in Resources */ = {isa = PBXBuildFile; fileRef = FA253A101C14FEEC0041FDBD /* Assets.xcassets */; };
		FA253A141C14FEEC0041FDBD /* LaunchScreen.storyboard in Resources */ = {isa = PBXBuildFile; fileRef = FA253A121C14FEEC0041FDBD /* LaunchScreen.storyboard */; };
		FA253A1C1C1505B90041FDBD /* File.swift in Sources */ = {isa = PBXBuildFile; fileRef = FA253A1B1C1505B90041FDBD /* File.swift */; };
/* End PBXBuildFile section */

/* Begin PBXFileReference section */
		FA253A061C14FEEC0041FDBD /* Hamburguesasa1.app */ = {isa = PBXFileReference; explicitFileType = wrapper.application; includeInIndex = 0; path = Hamburguesasa1.app; sourceTree = BUILT_PRODUCTS_DIR; };
		FA253A091C14FEEC0041FDBD /* AppDelegate.swift */ = {isa = PBXFileReference; lastKnownFileType = sourcecode.swift; path = AppDelegate.swift; sourceTree = "<group>"; };
		FA253A0B1C14FEEC0041FDBD /* ViewController.swift */ = {isa = PBXFileReference; lastKnownFileType = sourcecode.swift; path = ViewController.swift; sourceTree = "<group>"; };
		FA253A0E1C14FEEC0041FDBD /* Base */ = {isa = PBXFileReference; lastKnownFileType = file.storyboard; name = Base; path = Base.lproj/Main.storyboard; sourceTree = "<group>"; };
		FA253A101C14FEEC0041FDBD /* Assets.xcassets */ = {isa = PBXFileReference; lastKnownFileType = folder.assetcatalog; path = Assets.xcassets; sourceTree = "<group>"; };
		FA253A131C14FEEC0041FDBD /* Base */ = {isa = PBXFileReference; lastKnownFileType = file.storyboard; name = Base; path = Base.lproj/LaunchScreen.storyboard; sourceTree = "<group>"; };
		FA253A151C14FEEC0041FDBD /* Info.plist */ = {isa = PBXFileReference; lastKnownFileType = text.plist.xml; path = Info.plist; sourceTree = "<group>"; };
		FA253A1B1C1505B90041FDBD /* File.swift */ = {isa = PBXFileReference; fileEncoding = 4; lastKnownFileType = sourcecode.swift; path = File.swift; sourceTree = "<group>"; };
/* End PBXFileReference section */

/* Begin PBXFrameworksBuildPhase section */
		FA253A031C14FEEC0041FDBD /* Frameworks */ = {
			isa = PBXFrameworksBuildPhase;
			buildActionMask = 2147483647;
			files = (
			);
			runOnlyForDeploymentPostprocessing = 0;
		};
/* End PBXFrameworksBuildPhase section */

/* Begin PBXGroup section */
		FA2539FD1C14FEEC0041FDBD = {
			isa = PBXGroup;
			children = (
				FA253A081C14FEEC0041FDBD /* Hamburguesasa1 */,
				FA253A071C14FEEC0041FDBD /* Products */,
			);
			sourceTree = "<group>";
		};
		FA253A071C14FEEC0041FDBD /* Products */ = {
			isa = PBXGroup;
			children = (
				FA253A061C14FEEC0041FDBD /* Hamburguesasa1.app */,
			);
			name = Products;
			sourceTree = "<group>";
		};
		FA253A081C14FEEC0041FDBD /* Hamburguesasa1 */ = {
			isa = PBXGroup;
			children = (
				FA253A091C14FEEC0041FDBD /* AppDelegate.swift */,
				FA253A0B1C14FEEC0041FDBD /* ViewController.swift */,
				FA253A0D1C14FEEC0041FDBD /* Main.storyboard */,
				FA253A101C14FEEC0041FDBD /* Assets.xcassets */,
				FA253A121C14FEEC0041FDBD /* LaunchScreen.storyboard */,
				FA253A151C14FEEC0041FDBD /* Info.plist */,
				FA253A1B1C1505B90041FDBD /* File.swift */,
			);
			path = Hamburguesasa1;
			sourceTree = "<group>";
		};
/* End PBXGroup section */

/* Begin PBXNativeTarget section */
		FA253A051C14FEEC0041FDBD /* Hamburguesasa1 */ = {
			isa = PBXNativeTarget;
			buildConfigurationList = FA253A181C14FEEC0041FDBD /* Build configuration list for PBXNativeTarget "Hamburguesasa1" */;
			buildPhases = (
				FA253A021C14FEEC0041FDBD /* Sources */,
				FA253A031C14FEEC0041FDBD /* Frameworks */,
				FA253A041C14FEEC0041FDBD /* Resources */,
			);
			buildRules = (
			);
			dependencies = (
			);
			name = Hamburguesasa1;
			productName = Hamburguesasa1;
			productReference = FA253A061C14FEEC0041FDBD /* Hamburguesasa1.app */;
			productType = "com.apple.product-type.application";
		};
/* End PBXNativeTarget section */

/* Begin PBXProject section */
		FA2539FE1C14FEEC0041FDBD /* Project object */ = {
			isa = PBXProject;
			attributes = {
				LastSwiftUpdateCheck = 0720;
				LastUpgradeCheck = 0720;
				ORGANIZATIONNAME = "Manuel Alejandro  Alvarez";
				TargetAttributes = {
					FA253A051C14FEEC0041FDBD = {
						CreatedOnToolsVersion = 7.2;
					};
				};
			};
			buildConfigurationList = FA253A011C14FEEC0041FDBD /* Build configuration list for PBXProject "Hamburguesasa1" */;
			compatibilityVersion = "Xcode 3.2";
			developmentRegion = English;
			hasScannedForEncodings = 0;
			knownRegions = (
				en,
				Base,
			);
			mainGroup = FA2539FD1C14FEEC0041FDBD;
			productRefGroup = FA253A071C14FEEC0041FDBD /* Products */;
			projectDirPath = "";
			projectRoot = "";
			targets = (
				FA253A051C14FEEC0041FDBD /* Hamburguesasa1 */,
			);
		};
/* End PBXProject section */

/* Begin PBXResourcesBuildPhase section */
		FA253A041C14FEEC0041FDBD /* Resources */ = {
			isa = PBXResourcesBuildPhase;
			buildActionMask = 2147483647;
			files = (
				FA253A141C14FEEC0041FDBD /* LaunchScreen.storyboard in Resources */,
				FA253A111C14FEEC0041FDBD /* Assets.xcassets in Resources */,
				FA253A0F1C14FEEC0041FDBD /* Main.storyboard in Resources */,
			);
			runOnlyForDeploymentPostprocessing = 0;
		};
/* End PBXResourcesBuildPhase section */

/* Begin PBXSourcesBuildPhase section */
		FA253A021C14FEEC0041FDBD /* Sources */ = {
			isa = PBXSourcesBuildPhase;
			buildActionMask = 2147483647;
			files = (
				FA253A0C1C14FEEC0041FDBD /* ViewController.swift in Sources */,
				FA253A1C1C1505B90041FDBD /* File.swift in Sources */,
				FA253A0A1C14FEEC0041FDBD /* AppDelegate.swift in Sources */,
			);
			runOnlyForDeploymentPostprocessing = 0;
		};
/* End PBXSourcesBuildPhase section */

/* Begin PBXVariantGroup section */
		FA253A0D1C14FEEC0041FDBD /* Main.storyboard */ = {
			isa = PBXVariantGroup;
			children = (
				FA253A0E1C14FEEC0041FDBD /* Base */,
			);
			name = Main.storyboard;
			sourceTree = "<group>";
		};
		FA253A121C14FEEC0041FDBD /* LaunchScreen.storyboard */ = {
			isa = PBXVariantGroup;
			children = (
				FA253A131C14FEEC0041FDBD /* Base */,
			);
			name = LaunchScreen.storyboard;
			sourceTree = "<group>";
		};
/* End PBXVariantGroup section */

/* Begin XCBuildConfiguration section */
		FA253A161C14FEEC0041FDBD /* Debug */ = {
			isa = XCBuildConfiguration;
			buildSettings = {
				ALWAYS_SEARCH_USER_PATHS = NO;
				CLANG_CXX_LANGUAGE_STANDARD = "gnu++0x";
				CLANG_CXX_LIBRARY = "libc++";
				CLANG_ENABLE_MODULES = YES;
				CLANG_ENABLE_OBJC_ARC = YES;
				CLANG_WARN_BOOL_CONVERSION = YES;
				CLANG_WARN_CONSTANT_CONVERSION = YES;
				CLANG_WARN_DIRECT_OBJC_ISA_USAGE = YES_ERROR;
				CLANG_WARN_EMPTY_BODY = YES;
				CLANG_WARN_ENUM_CONVERSION = YES;
				CLANG_WARN_INT_CONVERSION = YES;
				CLANG_WARN_OBJC_ROOT_CLASS = YES_ERROR;
				CLANG_WARN_UNREACHABLE_CODE = YES;
				CLANG_WARN__DUPLICATE_METHOD_MATCH = YES;
				"CODE_SIGN_IDENTITY[sdk=iphoneos*]" = "iPhone Developer";
				COPY_PHASE_STRIP = NO;
				DEBUG_INFORMATION_FORMAT = dwarf;
				ENABLE_STRICT_OBJC_MSGSEND = YES;
				ENABLE_TESTABILITY = YES;
				GCC_C_LANGUAGE_STANDARD = gnu99;
				GCC_DYNAMIC_NO_PIC = NO;
				GCC_NO_COMMON_BLOCKS = YES;
				GCC_OPTIMIZATION_LEVEL = 0;
				GCC_PREPROCESSOR_DEFINITIONS = (
					"DEBUG=1",
					"$(inherited)",
				);
				GCC_WARN_64_TO_32_BIT_CONVERSION = YES;
				GCC_WARN_ABOUT_RETURN_TYPE = YES_ERROR;
				GCC_WARN_UNDECLARED_SELECTOR = YES;
				GCC_WARN_UNINITIALIZED_AUTOS = YES_AGGRESSIVE;
				GCC_WARN_UNUSED_FUNCTION = YES;
				GCC_WARN_UNUSED_VARIABLE = YES;
				IPHONEOS_DEPLOYMENT_TARGET = 9.2;
				MTL_ENABLE_DEBUG_INFO = YES;
				ONLY_ACTIVE_ARCH = YES;
				SDKROOT = iphoneos;
				SWIFT_OPTIMIZATION_LEVEL = "-Onone";
			};
			name = Debug;
		};
		FA253A171C14FEEC0041FDBD /* Release */ = {
			isa = XCBuildConfiguration;
			buildSettings = {
				ALWAYS_SEARCH_USER_PATHS = NO;
				CLANG_CXX_LANGUAGE_STANDARD = "gnu++0x";
				CLANG_CXX_LIBRARY = "libc++";
				CLANG_ENABLE_MODULES = YES;
				CLANG_ENABLE_OBJC_ARC = YES;
				CLANG_WARN_BOOL_CONVERSION = YES;
				CLANG_WARN_CONSTANT_CONVERSION = YES;
				CLANG_WARN_DIRECT_OBJC_ISA_USAGE = YES_ERROR;
				CLANG_WARN_EMPTY_BODY = YES;
				CLANG_WARN_ENUM_CONVERSION = YES;
				CLANG_WARN_INT_CONVERSION = YES;
				CLANG_WARN_OBJC_ROOT_CLASS = YES_ERROR;
				CLANG_WARN_UNREACHABLE_CODE = YES;
				CLANG_WARN__DUPLICATE_METHOD_MATCH = YES;
				"CODE_SIGN_IDENTITY[sdk=iphoneos*]" = "iPhone Developer";
				COPY_PHASE_STRIP = NO;
				DEBUG_INFORMATION_FORMAT = "dwarf-with-dsym";
				ENABLE_NS_ASSERTIONS = NO;
				ENABLE_STRICT_OBJC_MSGSEND = YES;
				GCC_C_LANGUAGE_STANDARD = gnu99;
				GCC_NO_COMMON_BLOCKS = YES;
				GCC_WARN_64_TO_32_BIT_CONVERSION = YES;
				GCC_WARN_ABOUT_RETURN_TYPE = YES_ERROR;
				GCC_WARN_UNDECLARED_SELECTOR = YES;
				GCC_WARN_UNINITIALIZED_AUTOS = YES_AGGRESSIVE;
				GCC_WARN_UNUSED_FUNCTION = YES;
				GCC_WARN_UNUSED_VARIABLE = YES;
				IPHONEOS_DEPLOYMENT_TARGET = 9.2;
				MTL_ENABLE_DEBUG_INFO = NO;
				SDKROOT = iphoneos;
				VALIDATE_PRODUCT = YES;
			};
			name = Release;
		};
		FA253A191C14FEEC0041FDBD /* Debug */ = {
			isa = XCBuildConfiguration;
			buildSettings = {
				ASSETCATALOG_COMPILER_APPICON_NAME = AppIcon;
				INFOPLIST_FILE = Hamburguesasa1/Info.plist;
				LD_RUNPATH_SEARCH_PATHS = "$(inherited) @executable_path/Frameworks";
				PRODUCT_BUNDLE_IDENTIFIER = Alexander767.Hamburguesasa1;
				PRODUCT_NAME = "$(TARGET_NAME)";
			};
			name = Debug;
		};
		FA253A1A1C14FEEC0041FDBD /* Release */ = {
			isa = XCBuildConfiguration;
			buildSettings = {
				ASSETCATALOG_COMPILER_APPICON_NAME = AppIcon;
				INFOPLIST_FILE = Hamburguesasa1/Info.plist;
				LD_RUNPATH_SEARCH_PATHS = "$(inherited) @executable_path/Frameworks";
				PRODUCT_BUNDLE_IDENTIFIER = Alexander767.Hamburguesasa1;
				PRODUCT_NAME = "$(TARGET_NAME)";
			};
			name = Release;
		};
/* End XCBuildConfiguration section */

/* Begin XCConfigurationList section */
		FA253A011C14FEEC0041FDBD /* Build configuration list for PBXProject "Hamburguesasa1" */ = {
			isa = XCConfigurationList;
			buildConfigurations = (
				FA253A161C14FEEC0041FDBD /* Debug */,
				FA253A171C14FEEC0041FDBD /* Release */,
			);
			defaultConfigurationIsVisible = 0;
			defaultConfigurationName = Release;
		};
		FA253A181C14FEEC0041FDBD /* Build configuration list for PBXNativeTarget "Hamburguesasa1" */ = {
			isa = XCConfigurationList;
			buildConfigurations = (
				FA253A191C14FEEC0041FDBD /* Debug */,
				FA253A1A1C14FEEC0041FDBD /* Release */,
			);
			defaultConfigurationIsVisible = 0;
		};
/* End XCConfigurationList section */
	};
	rootObject = FA2539FE1C14FEEC0041FDBD /* Project object */;
}
